Microsoft Visual Studio Solution File, Format Version 8.00
Project("{F184B08F-C81C-45F6-A57F-5ABD9991F28F}") = "servicer", "servicer.vbproj", "{F6F54DE0-334A-48B3-839D-04F08C84EB17}"
	ProjectSection(ProjectDependencies) = postProject
	EndProjectSection
EndProject
Global
	GlobalSection(SolutionConfiguration) = preSolution
		Debug = Debug
		Release = Release
	EndGlobalSection
	GlobalSection(ProjectConfiguration) = postSolution
		{F6F54DE0-334A-48B3-839D-04F08C84EB17}.Debug.ActiveCfg = Debug|.NET
		{F6F54DE0-334A-48B3-839D-04F08C84EB17}.Debug.Build.0 = Debug|.NET
		{F6F54DE0-334A-48B3-839D-04F08C84EB17}.Release.ActiveCfg = Release|.NET
		{F6F54DE0-334A-48B3-839D-04F08C84EB17}.Release.Build.0 = Release|.NET
	EndGlobalSection
	GlobalSection(ExtensibilityGlobals) = postSolution
	EndGlobalSection
	GlobalSection(ExtensibilityAddIns) = postSolution
	EndGlobalSection
EndGlobal
